{
    "_readme": [
        "This file locks the dependencies of your project to a known state",
        "Read more about it at https://getcomposer.org/doc/01-basic-usage.md#installing-dependencies",
        "This file is @generated automatically"
    ],
    "content-hash": "a7f34f77f88124eda4260aad609330dd",
    "packages": [
        {
            "name": "feast/framework",
            "version": "v2.0.2",
            "source": {
                "type": "git",
                "url": "https://github.com/FeastFramework/framework.git",
                "reference": "5e1b3553a495165faeeaa70167613e2665782a5f"
            },
            "dist": {
                "type": "zip",
                "url": "https://api.github.com/repos/FeastFramework/framework/zipball/5e1b3553a495165faeeaa70167613e2665782a5f",
                "reference": "5e1b3553a495165faeeaa70167613e2665782a5f",
                "shasum": ""
            },
            "require": {
                "ext-ctype": "*",
                "ext-fileinfo": "*",
                "ext-libxml": "*",
                "ext-pdo": "*",
                "ext-readline": "*",
                "ext-simplexml": "*",
                "ext-xml": "*",
                "php": "^8.1.0"
            },
            "require-dev": {
                "psalm/phar": "dev-master"
            },
            "suggest": {
                "ext-curl": "*",
                "ext-mysql": "*",
                "ext-pdo_mysql": "*"
            },
            "type": "library",
            "autoload": {
                "psr-4": {
                    "Feast\\": ".",
                    "Psr\\": "Psr"
                },
                "files": [
                    "DependencyInjector.php"
                ]
            },
            "notification-url": "https://packagist.org/downloads/",
            "license": [
                "Apache-2.0"
            ],
            "authors": [
                {
                    "name": "Jeremy Presutti",
                    "email": "Jeremy@Presutti.us",
                    "homepage": "https://github.com/jpresutti",
                    "role": "Developer"
                }
            ],
            "description": "Feast Framework",
            "support": {
                "issues": "https://github.com/FeastFramework/framework/issues",
                "source": "https://github.com/FeastFramework/framework/tree/v2.0.2"
            },
            "funding": [
                {
                    "url": "https://github.com/jpresutti",
                    "type": "github"
                }
            ],
            "time": "2021-11-28T03:01:08+00:00"
        }
    ],
    "packages-dev": [],
    "aliases": [],
    "minimum-stability": "stable",
    "stability-flags": [],
    "prefer-stable": false,
    "prefer-lowest": false,
    "platform": {
        "php": "^8.1.0"
    },
    "platform-dev": [],
    "plugin-api-version": "2.1.0"
}
